// !$*UTF8*$!
{
	archiveVersion = 1;
	classes = {
	};
	objectVersion = 56;
	objects = {

/* Begin PBXBuildFile section */
		59528DA229D8807000A2AA92 /* ChatView.swift in Sources */ = {isa = PBXBuildFile; fileRef = 59528DA129D8807000A2AA92 /* ChatView.swift */; };
		59528DA529D880D200A2AA92 /* Message.swift in Sources */ = {isa = PBXBuildFile; fileRef = 59528DA429D880D200A2AA92 /* Message.swift */; };
		59528DA729D8836800A2AA92 /* MessageBubble.swift in Sources */ = {isa = PBXBuildFile; fileRef = 59528DA629D8836800A2AA92 /* MessageBubble.swift */; };
		595F720429D87C61002E3B4D /* Firestore_ChatApp.swift in Sources */ = {isa = PBXBuildFile; fileRef = 595F720329D87C61002E3B4D /* Firestore_ChatApp.swift */; };
		595F720629D87C61002E3B4D /* ContentView.swift in Sources */ = {isa = PBXBuildFile; fileRef = 595F720529D87C61002E3B4D /* ContentView.swift */; };
		595F720829D87C62002E3B4D /* Assets.xcassets in Resources */ = {isa = PBXBuildFile; fileRef = 595F720729D87C62002E3B4D /* Assets.xcassets */; };
		595F720B29D87C62002E3B4D /* Preview Assets.xcassets in Resources */ = {isa = PBXBuildFile; fileRef = 595F720A29D87C62002E3B4D /* Preview Assets.xcassets */; };
		595F721329D87D34002E3B4D /* ChatHeader.swift in Sources */ = {isa = PBXBuildFile; fileRef = 595F721229D87D34002E3B4D /* ChatHeader.swift */; };
/* End PBXBuildFile section */

/* Begin PBXFileReference section */
		59528DA129D8807000A2AA92 /* ChatView.swift */ = {isa = PBXFileReference; lastKnownFileType = sourcecode.swift; path = ChatView.swift; sourceTree = "<group>"; };
		59528DA429D880D200A2AA92 /* Message.swift */ = {isa = PBXFileReference; lastKnownFileType = sourcecode.swift; path = Message.swift; sourceTree = "<group>"; };
		59528DA629D8836800A2AA92 /* MessageBubble.swift */ = {isa = PBXFileReference; lastKnownFileType = sourcecode.swift; path = MessageBubble.swift; sourceTree = "<group>"; };
		595F720029D87C61002E3B4D /* Firestore Chat.app */ = {isa = PBXFileReference; explicitFileType = wrapper.application; includeInIndex = 0; path = "Firestore Chat.app"; sourceTree = BUILT_PRODUCTS_DIR; };
		595F720329D87C61002E3B4D /* Firestore_ChatApp.swift */ = {isa = PBXFileReference; lastKnownFileType = sourcecode.swift; path = Firestore_ChatApp.swift; sourceTree = "<group>"; };
		595F720529D87C61002E3B4D /* ContentView.swift */ = {isa = PBXFileReference; lastKnownFileType = sourcecode.swift; path = ContentView.swift; sourceTree = "<group>"; };
		595F720729D87C62002E3B4D /* Assets.xcassets */ = {isa = PBXFileReference; lastKnownFileType = folder.assetcatalog; path = Assets.xcassets; sourceTree = "<group>"; };
		595F720A29D87C62002E3B4D /* Preview Assets.xcassets */ = {isa = PBXFileReference; lastKnownFileType = folder.assetcatalog; path = "Preview Assets.xcassets"; sourceTree = "<group>"; };
		595F721229D87D34002E3B4D /* ChatHeader.swift */ = {isa = PBXFileReference; lastKnownFileType = sourcecode.swift; path = ChatHeader.swift; sourceTree = "<group>"; };
/* End PBXFileReference section */

/* Begin PBXFrameworksBuildPhase section */
		595F71FD29D87C61002E3B4D /* Frameworks */ = {
			isa = PBXFrameworksBuildPhase;
			buildActionMask = 2147483647;
			files = (
			);
			runOnlyForDeploymentPostprocessing = 0;
		};
/* End PBXFrameworksBuildPhase section */

/* Begin PBXGroup section */
		59528DA029D8806400A2AA92 /* Views */ = {
			isa = PBXGroup;
			children = (
				59528DA129D8807000A2AA92 /* ChatView.swift */,
			);
			path = Views;
			sourceTree = "<group>";
		};
		59528DA329D880C900A2AA92 /* Models */ = {
			isa = PBXGroup;
			children = (
				59528DA429D880D200A2AA92 /* Message.swift */,
			);
			path = Models;
			sourceTree = "<group>";
		};
		595F71F729D87C61002E3B4D = {
			isa = PBXGroup;
			children = (
				595F720229D87C61002E3B4D /* Firestore Chat */,
				595F720129D87C61002E3B4D /* Products */,
			);
			sourceTree = "<group>";
		};
		595F720129D87C61002E3B4D /* Products */ = {
			isa = PBXGroup;
			children = (
				595F720029D87C61002E3B4D /* Firestore Chat.app */,
			);
			name = Products;
			sourceTree = "<group>";
		};
		595F720229D87C61002E3B4D /* Firestore Chat */ = {
			isa = PBXGroup;
			children = (
				595F720329D87C61002E3B4D /* Firestore_ChatApp.swift */,
				59528DA329D880C900A2AA92 /* Models */,
				59528DA029D8806400A2AA92 /* Views */,
				595F721129D87D27002E3B4D /* Components */,
				595F720529D87C61002E3B4D /* ContentView.swift */,
				595F720729D87C62002E3B4D /* Assets.xcassets */,
				595F720929D87C62002E3B4D /* Preview Content */,
			);
			path = "Firestore Chat";
			sourceTree = "<group>";
		};
		595F720929D87C62002E3B4D /* Preview Content */ = {
			isa = PBXGroup;
			children = (
				595F720A29D87C62002E3B4D /* Preview Assets.xcassets */,
			);
			path = "Preview Content";
			sourceTree = "<group>";
		};
		595F721129D87D27002E3B4D /* Components */ = {
			isa = PBXGroup;
			children = (
				595F721229D87D34002E3B4D /* ChatHeader.swift */,
				59528DA629D8836800A2AA92 /* MessageBubble.swift */,
			);
			path = Components;
			sourceTree = "<group>";
		};
/* End PBXGroup section */

/* Begin PBXNativeTarget section */
		595F71FF29D87C61002E3B4D /* Firestore Chat */ = {
			isa = PBXNativeTarget;
			buildConfigurationList = 595F720E29D87C62002E3B4D /* Build configuration list for PBXNativeTarget "Firestore Chat" */;
			buildPhases = (
				595F71FC29D87C61002E3B4D /* Sources */,
				595F71FD29D87C61002E3B4D /* Frameworks */,
				595F71FE29D87C61002E3B4D /* Resources */,
			);
			buildRules = (
			);
			dependencies = (
			);
			name = "Firestore Chat";
			productName = "Firestore Chat";
			productReference = 595F720029D87C61002E3B4D /* Firestore Chat.app */;
			productType = "com.apple.product-type.application";
		};
/* End PBXNativeTarget section */

/* Begin PBXProject section */
		595F71F829D87C61002E3B4D /* Project object */ = {
			isa = PBXProject;
			attributes = {
				BuildIndependentTargetsInParallel = 1;
				LastSwiftUpdateCheck = 1420;
				LastUpgradeCheck = 1420;
				TargetAttributes = {
					595F71FF29D87C61002E3B4D = {
						CreatedOnToolsVersion = 14.2;
					};
				};
			};
			buildConfigurationList = 595F71FB29D87C61002E3B4D /* Build configuration list for PBXProject "Firestore Chat" */;
			compatibilityVersion = "Xcode 14.0";
			developmentRegion = en;
			hasScannedForEncodings = 0;
			knownRegions = (
				en,
				Base,
			);
			mainGroup = 595F71F729D87C61002E3B4D;
			productRefGroup = 595F720129D87C61002E3B4D /* Products */;
			projectDirPath = "";
			projectRoot = "";
			targets = (
				595F71FF29D87C61002E3B4D /* Firestore Chat */,
			);
		};
/* End PBXProject section */

/* Begin PBXResourcesBuildPhase section */
		595F71FE29D87C61002E3B4D /* Resources */ = {
			isa = PBXResourcesBuildPhase;
			buildActionMask = 2147483647;
			files = (
				595F720B29D87C62002E3B4D /* Preview Assets.xcassets in Resources */,
				595F720829D87C62002E3B4D /* Assets.xcassets in Resources */,
			);
			runOnlyForDeploymentPostprocessing = 0;
		};
/* End PBXResourcesBuildPhase section */

/* Begin PBXSourcesBuildPhase section */
		595F71FC29D87C61002E3B4D /* Sources */ = {
			isa = PBXSourcesBuildPhase;
			buildActionMask = 2147483647;
			files = (
				59528DA229D8807000A2AA92 /* ChatView.swift in Sources */,
				59528DA729D8836800A2AA92 /* MessageBubble.swift in Sources */,
				595F720629D87C61002E3B4D /* ContentView.swift in Sources */,
				595F720429D87C61002E3B4D /* Firestore_ChatApp.swift in Sources */,
				595F721329D87D34002E3B4D /* ChatHeader.swift in Sources */,
				59528DA529D880D200A2AA92 /* Message.swift in Sources */,
			);
			runOnlyForDeploymentPostprocessing = 0;
		};
/* End PBXSourcesBuildPhase section */

/* Begin XCBuildConfiguration section */
		595F720C29D87C62002E3B4D /* Debug */ = {
			isa = XCBuildConfiguration;
			buildSettings = {
				ALWAYS_SEARCH_USER_PATHS = NO;
				CLANG_ANALYZER_NONNULL = YES;
				CLANG_ANALYZER_NUMBER_OBJECT_CONVERSION = YES_AGGRESSIVE;
				CLANG_CXX_LANGUAGE_STANDARD = "gnu++20";
				CLANG_ENABLE_MODULES = YES;
				CLANG_ENABLE_OBJC_ARC = YES;
				CLANG_ENABLE_OBJC_WEAK = YES;
				CLANG_WARN_BLOCK_CAPTURE_AUTORELEASING = YES;
				CLANG_WARN_BOOL_CONVERSION = YES;
				CLANG_WARN_COMMA = YES;
				CLANG_WARN_CONSTANT_CONVERSION = YES;
				CLANG_WARN_DEPRECATED_OBJC_IMPLEMENTATIONS = YES;
				CLANG_WARN_DIRECT_OBJC_ISA_USAGE = YES_ERROR;
				CLANG_WARN_DOCUMENTATION_COMMENTS = YES;
				CLANG_WARN_EMPTY_BODY = YES;
				CLANG_WARN_ENUM_CONVERSION = YES;
				CLANG_WARN_INFINITE_RECURSION = YES;
				CLANG_WARN_INT_CONVERSION = YES;
				CLANG_WARN_NON_LITERAL_NULL_CONVERSION = YES;
				CLANG_WARN_OBJC_IMPLICIT_RETAIN_SELF = YES;
				CLANG_WARN_OBJC_LITERAL_CONVERSION = YES;
				CLANG_WARN_OBJC_ROOT_CLASS = YES_ERROR;
				CLANG_WARN_QUOTED_INCLUDE_IN_FRAMEWORK_HEADER = YES;
				CLANG_WARN_RANGE_LOOP_ANALYSIS = YES;
				CLANG_WARN_STRICT_PROTOTYPES = YES;
				CLANG_WARN_SUSPICIOUS_MOVE = YES;
				CLANG_WARN_UNGUARDED_AVAILABILITY = YES_AGGRESSIVE;
				CLANG_WARN_UNREACHABLE_CODE = YES;
				CLANG_WARN__DUPLICATE_METHOD_MATCH = YES;
				COPY_PHASE_STRIP = NO;
				DEBUG_INFORMATION_FORMAT = dwarf;
				ENABLE_STRICT_OBJC_MSGSEND = YES;
				ENABLE_TESTABILITY = YES;
				GCC_C_LANGUAGE_STANDARD = gnu11;
				GCC_DYNAMIC_NO_PIC = NO;
				GCC_NO_COMMON_BLOCKS = YES;
				GCC_OPTIMIZATION_LEVEL = 0;
				GCC_PREPROCESSOR_DEFINITIONS = (
					"DEBUG=1",
					"$(inherited)",
				);
				GCC_WARN_64_TO_32_BIT_CONVERSION = YES;
				GCC_WARN_ABOUT_RETURN_TYPE = YES_ERROR;
				GCC_WARN_UNDECLARED_SELECTOR = YES;
				GCC_WARN_UNINITIALIZED_AUTOS = YES_AGGRESSIVE;
				GCC_WARN_UNUSED_FUNCTION = YES;
				GCC_WARN_UNUSED_VARIABLE = YES;
				IPHONEOS_DEPLOYMENT_TARGET = 16.2;
				MTL_ENABLE_DEBUG_INFO = INCLUDE_SOURCE;
				MTL_FAST_MATH = YES;
				ONLY_ACTIVE_ARCH = YES;
				SDKROOT = iphoneos;
				SWIFT_ACTIVE_COMPILATION_CONDITIONS = DEBUG;
				SWIFT_OPTIMIZATION_LEVEL = "-Onone";
			};
			name = Debug;
		};
		595F720D29D87C62002E3B4D /* Release */ = {
			isa = XCBuildConfiguration;
			buildSettings = {
				ALWAYS_SEARCH_USER_PATHS = NO;
				CLANG_ANALYZER_NONNULL = YES;
				CLANG_ANALYZER_NUMBER_OBJECT_CONVERSION = YES_AGGRESSIVE;
				CLANG_CXX_LANGUAGE_STANDARD = "gnu++20";
				CLANG_ENABLE_MODULES = YES;
				CLANG_ENABLE_OBJC_ARC = YES;
				CLANG_ENABLE_OBJC_WEAK = YES;
				CLANG_WARN_BLOCK_CAPTURE_AUTORELEASING = YES;
				CLANG_WARN_BOOL_CONVERSION = YES;
				CLANG_WARN_COMMA = YES;
				CLANG_WARN_CONSTANT_CONVERSION = YES;
				CLANG_WARN_DEPRECATED_OBJC_IMPLEMENTATIONS = YES;
				CLANG_WARN_DIRECT_OBJC_ISA_USAGE = YES_ERROR;
				CLANG_WARN_DOCUMENTATION_COMMENTS = YES;
				CLANG_WARN_EMPTY_BODY = YES;
				CLANG_WARN_ENUM_CONVERSION = YES;
				CLANG_WARN_INFINITE_RECURSION = YES;
				CLANG_WARN_INT_CONVERSION = YES;
				CLANG_WARN_NON_LITERAL_NULL_CONVERSION = YES;
				CLANG_WARN_OBJC_IMPLICIT_RETAIN_SELF = YES;
				CLANG_WARN_OBJC_LITERAL_CONVERSION = YES;
				CLANG_WARN_OBJC_ROOT_CLASS = YES_ERROR;
				CLANG_WARN_QUOTED_INCLUDE_IN_FRAMEWORK_HEADER = YES;
				CLANG_WARN_RANGE_LOOP_ANALYSIS = YES;
				CLANG_WARN_STRICT_PROTOTYPES = YES;
				CLANG_WARN_SUSPICIOUS_MOVE = YES;
				CLANG_WARN_UNGUARDED_AVAILABILITY = YES_AGGRESSIVE;
				CLANG_WARN_UNREACHABLE_CODE = YES;
				CLANG_WARN__DUPLICATE_METHOD_MATCH = YES;
				COPY_PHASE_STRIP = NO;
				DEBUG_INFORMATION_FORMAT = "dwarf-with-dsym";
				ENABLE_NS_ASSERTIONS = NO;
				ENABLE_STRICT_OBJC_MSGSEND = YES;
				GCC_C_LANGUAGE_STANDARD = gnu11;
				GCC_NO_COMMON_BLOCKS = YES;
				GCC_WARN_64_TO_32_BIT_CONVERSION = YES;
				GCC_WARN_ABOUT_RETURN_TYPE = YES_ERROR;
				GCC_WARN_UNDECLARED_SELECTOR = YES;
				GCC_WARN_UNINITIALIZED_AUTOS = YES_AGGRESSIVE;
				GCC_WARN_UNUSED_FUNCTION = YES;
				GCC_WARN_UNUSED_VARIABLE = YES;
				IPHONEOS_DEPLOYMENT_TARGET = 16.2;
				MTL_ENABLE_DEBUG_INFO = NO;
				MTL_FAST_MATH = YES;
				SDKROOT = iphoneos;
				SWIFT_COMPILATION_MODE = wholemodule;
				SWIFT_OPTIMIZATION_LEVEL = "-O";
				VALIDATE_PRODUCT = YES;
			};
			name = Release;
		};
		595F720F29D87C62002E3B4D /* Debug */ = {
			isa = XCBuildConfiguration;
			buildSettings = {
				ASSETCATALOG_COMPILER_APPICON_NAME = AppIcon;
				ASSETCATALOG_COMPILER_GLOBAL_ACCENT_COLOR_NAME = AccentColor;
				CODE_SIGN_STYLE = Automatic;
				CURRENT_PROJECT_VERSION = 1;
				DEVELOPMENT_ASSET_PATHS = "\"Firestore Chat/Preview Content\"";
				DEVELOPMENT_TEAM = NU7BU33S3Z;
				ENABLE_PREVIEWS = YES;
				GENERATE_INFOPLIST_FILE = YES;
				INFOPLIST_KEY_UIApplicationSceneManifest_Generation = YES;
				INFOPLIST_KEY_UIApplicationSupportsIndirectInputEvents = YES;
				INFOPLIST_KEY_UILaunchScreen_Generation = YES;
				INFOPLIST_KEY_UISupportedInterfaceOrientations_iPad = "UIInterfaceOrientationPortrait UIInterfaceOrientationPortraitUpsideDown UIInterfaceOrientationLandscapeLeft UIInterfaceOrientationLandscapeRight";
				INFOPLIST_KEY_UISupportedInterfaceOrientations_iPhone = "UIInterfaceOrientationPortrait UIInterfaceOrientationLandscapeLeft UIInterfaceOrientationLandscapeRight";
				LD_RUNPATH_SEARCH_PATHS = (
					"$(inherited)",
					"@executable_path/Frameworks",
				);
				MARKETING_VERSION = 1.0;
				PRODUCT_BUNDLE_IDENTIFIER = "com.nate995.Firestore-Chat";
				PRODUCT_NAME = "$(TARGET_NAME)";
				SWIFT_EMIT_LOC_STRINGS = YES;
				SWIFT_VERSION = 5.0;
				TARGETED_DEVICE_FAMILY = "1,2";
			};
			name = Debug;
		};
		595F721029D87C62002E3B4D /* Release */ = {
			isa = XCBuildConfiguration;
			buildSettings = {
				ASSETCATALOG_COMPILER_APPICON_NAME = AppIcon;
				ASSETCATALOG_COMPILER_GLOBAL_ACCENT_COLOR_NAME = AccentColor;
				CODE_SIGN_STYLE = Automatic;
				CURRENT_PROJECT_VERSION = 1;
				DEVELOPMENT_ASSET_PATHS = "\"Firestore Chat/Preview Content\"";
				DEVELOPMENT_TEAM = NU7BU33S3Z;
				ENABLE_PREVIEWS = YES;
				GENERATE_INFOPLIST_FILE = YES;
				INFOPLIST_KEY_UIApplicationSceneManifest_Generation = YES;
				INFOPLIST_KEY_UIApplicationSupportsIndirectInputEvents = YES;
				INFOPLIST_KEY_UILaunchScreen_Generation = YES;
				INFOPLIST_KEY_UISupportedInterfaceOrientations_iPad = "UIInterfaceOrientationPortrait UIInterfaceOrientationPortraitUpsideDown UIInterfaceOrientationLandscapeLeft UIInterfaceOrientationLandscapeRight";
				INFOPLIST_KEY_UISupportedInterfaceOrientations_iPhone = "UIInterfaceOrientationPortrait UIInterfaceOrientationLandscapeLeft UIInterfaceOrientationLandscapeRight";
				LD_RUNPATH_SEARCH_PATHS = (
					"$(inherited)",
					"@executable_path/Frameworks",
				);
				MARKETING_VERSION = 1.0;
				PRODUCT_BUNDLE_IDENTIFIER = "com.nate995.Firestore-Chat";
				PRODUCT_NAME = "$(TARGET_NAME)";
				SWIFT_EMIT_LOC_STRINGS = YES;
				SWIFT_VERSION = 5.0;
				TARGETED_DEVICE_FAMILY = "1,2";
			};
			name = Release;
		};
/* End XCBuildConfiguration section */

/* Begin XCConfigurationList section */
		595F71FB29D87C61002E3B4D /* Build configuration list for PBXProject "Firestore Chat" */ = {
			isa = XCConfigurationList;
			buildConfigurations = (
				595F720C29D87C62002E3B4D /* Debug */,
				595F720D29D87C62002E3B4D /* Release */,
			);
			defaultConfigurationIsVisible = 0;
			defaultConfigurationName = Release;
		};
		595F720E29D87C62002E3B4D /* Build configuration list for PBXNativeTarget "Firestore Chat" */ = {
			isa = XCConfigurationList;
			buildConfigurations = (
				595F720F29D87C62002E3B4D /* Debug */,
				595F721029D87C62002E3B4D /* Release */,
			);
			defaultConfigurationIsVisible = 0;
			defaultConfigurationName = Release;
		};
/* End XCConfigurationList section */
	};
	rootObject = 595F71F829D87C61002E3B4D /* Project object */;
}
